// !$*UTF8*$!
{
	archiveVersion = 1;
	classes = {
	};
	objectVersion = 77;
	objects = {

/* Begin PBXBuildFile section */
		70398B052F2706AA007D1E07 /* PlatformUI in Frameworks */ = {isa = PBXBuildFile; productRef = 70398B042F2706AA007D1E07 /* PlatformUI */; };
		70398B072F2706AA007D1E07 /* UIShared in Frameworks */ = {isa = PBXBuildFile; productRef = 70398B062F2706AA007D1E07 /* UIShared */; };
		4DF96898B44E4633905FD9E1 /* UITestingBridge in Frameworks */ = {isa = PBXBuildFile; productRef = A378F2FABCE0405B9F75D938 /* UITestingBridge */; };
		70398B102F270800007D1E07 /* WidgetKit.framework in Frameworks */ = {isa = PBXBuildFile; fileRef = 70398B0F2F270800007D1E07 /* WidgetKit.framework */; };
		70398B122F270800007D1E07 /* SwiftUI.framework in Frameworks */ = {isa = PBXBuildFile; fileRef = 70398B112F270800007D1E07 /* SwiftUI.framework */; };
		70398B1A2F270800007D1E07 /* VoxPocketWidgetExtension.appex in Embed Foundation Extensions */ = {isa = PBXBuildFile; fileRef = 70398B0E2F270800007D1E07 /* VoxPocketWidgetExtension.appex */; platformFilter = ios; settings = {ATTRIBUTES = (RemoveHeadersOnCopy, ); }; };
		70398B202F270900007D1E07 /* WidgetUI in Frameworks */ = {isa = PBXBuildFile; productRef = 70398B1F2F270900007D1E07 /* WidgetUI */; };
/* End PBXBuildFile section */

/* Begin PBXContainerItemProxy section */
		70398AE62F270490007D1E07 /* PBXContainerItemProxy */ = {
			isa = PBXContainerItemProxy;
			containerPortal = 70398ACC2F27048D007D1E07 /* Project object */;
			proxyType = 1;
			remoteGlobalIDString = 70398AD32F27048D007D1E07;
			remoteInfo = VoxPocket;
		};
		70398AF02F270490007D1E07 /* PBXContainerItemProxy */ = {
			isa = PBXContainerItemProxy;
			containerPortal = 70398ACC2F27048D007D1E07 /* Project object */;
			proxyType = 1;
			remoteGlobalIDString = 70398AD32F27048D007D1E07;
			remoteInfo = VoxPocket;
		};
		70398B182F270800007D1E07 /* PBXContainerItemProxy */ = {
			isa = PBXContainerItemProxy;
			containerPortal = 70398ACC2F27048D007D1E07 /* Project object */;
			proxyType = 1;
			remoteGlobalIDString = 70398B0D2F270800007D1E07;
			remoteInfo = VoxPocketWidgetExtension;
		};
/* End PBXContainerItemProxy section */

/* Begin PBXCopyFilesBuildPhase section */
		70398B1E2F270800007D1E07 /* Embed Foundation Extensions */ = {
			isa = PBXCopyFilesBuildPhase;
			buildActionMask = 2147483647;
			dstPath = "";
			dstSubfolderSpec = 13;
			files = (
				70398B1A2F270800007D1E07 /* VoxPocketWidgetExtension.appex in Embed Foundation Extensions */,
			);
			name = "Embed Foundation Extensions";
			runOnlyForDeploymentPostprocessing = 0;
		};
/* End PBXCopyFilesBuildPhase section */

/* Begin PBXFileReference section */
		70398AD42F27048D007D1E07 /* VoxPocket.app */ = {isa = PBXFileReference; explicitFileType = wrapper.application; includeInIndex = 0; path = VoxPocket.app; sourceTree = BUILT_PRODUCTS_DIR; };
		70398AE52F270490007D1E07 /* VoxPocketTests.xctest */ = {isa = PBXFileReference; explicitFileType = wrapper.cfbundle; includeInIndex = 0; path = VoxPocketTests.xctest; sourceTree = BUILT_PRODUCTS_DIR; };
		70398AEF2F270490007D1E07 /* VoxPocketUITests.xctest */ = {isa = PBXFileReference; explicitFileType = wrapper.cfbundle; includeInIndex = 0; path = VoxPocketUITests.xctest; sourceTree = BUILT_PRODUCTS_DIR; };
		70398B0E2F270800007D1E07 /* VoxPocketWidgetExtension.appex */ = {isa = PBXFileReference; explicitFileType = "wrapper.app-extension"; includeInIndex = 0; path = VoxPocketWidgetExtension.appex; sourceTree = BUILT_PRODUCTS_DIR; };
		70398B0F2F270800007D1E07 /* WidgetKit.framework */ = {isa = PBXFileReference; lastKnownFileType = wrapper.framework; name = WidgetKit.framework; path = System/Library/Frameworks/WidgetKit.framework; sourceTree = SDKROOT; };
		70398B112F270800007D1E07 /* SwiftUI.framework */ = {isa = PBXFileReference; lastKnownFileType = wrapper.framework; name = SwiftUI.framework; path = System/Library/Frameworks/SwiftUI.framework; sourceTree = SDKROOT; };
/* End PBXFileReference section */

/* Begin PBXFileSystemSynchronizedBuildFileExceptionSet section */
		70398AF72F270490007D1E07 /* Exceptions for "VoxPocket" folder in "VoxPocket" target */ = {
			isa = PBXFileSystemSynchronizedBuildFileExceptionSet;
			membershipExceptions = (
				Info.plist,
			);
			target = 70398AD32F27048D007D1E07 /* VoxPocket */;
		};
		70398B262F270A00007D1E07 /* Exceptions for "VoxPocketWidget" folder in "VoxPocketWidgetExtension" target */ = {
			isa = PBXFileSystemSynchronizedBuildFileExceptionSet;
			membershipExceptions = (
				Info.plist,
			);
			target = 70398B0D2F270800007D1E07 /* VoxPocketWidgetExtension */;
		};
/* End PBXFileSystemSynchronizedBuildFileExceptionSet section */

/* Begin PBXFileSystemSynchronizedRootGroup section */
		70398AD62F27048D007D1E07 /* VoxPocket */ = {
			isa = PBXFileSystemSynchronizedRootGroup;
			exceptions = (
				70398AF72F270490007D1E07 /* Exceptions for "VoxPocket" folder in "VoxPocket" target */,
			);
			path = VoxPocket;
			sourceTree = "<group>";
		};
		70398AE82F270490007D1E07 /* VoxPocketTests */ = {
			isa = PBXFileSystemSynchronizedRootGroup;
			path = VoxPocketTests;
			sourceTree = "<group>";
		};
		70398AF22F270490007D1E07 /* VoxPocketUITests */ = {
			isa = PBXFileSystemSynchronizedRootGroup;
			path = VoxPocketUITests;
			sourceTree = "<group>";
		};
		70398B252F270A00007D1E07 /* VoxPocketWidget */ = {
			isa = PBXFileSystemSynchronizedRootGroup;
			exceptions = (
				70398B262F270A00007D1E07 /* Exceptions for "VoxPocketWidget" folder in "VoxPocketWidgetExtension" target */,
			);
			path = ../VoxPocketWidget;
			sourceTree = "<group>";
		};
/* End PBXFileSystemSynchronizedRootGroup section */

/* Begin PBXFrameworksBuildPhase section */
		70398AD12F27048D007D1E07 /* Frameworks */ = {
			isa = PBXFrameworksBuildPhase;
			buildActionMask = 2147483647;
			files = (
				70398B052F2706AA007D1E07 /* PlatformUI in Frameworks */,
				70398B072F2706AA007D1E07 /* UIShared in Frameworks */,
				4DF96898B44E4633905FD9E1 /* UITestingBridge in Frameworks */,
			);
			runOnlyForDeploymentPostprocessing = 0;
		};
		70398AE22F270490007D1E07 /* Frameworks */ = {
			isa = PBXFrameworksBuildPhase;
			buildActionMask = 2147483647;
			files = (
			);
			runOnlyForDeploymentPostprocessing = 0;
		};
		70398AEC2F270490007D1E07 /* Frameworks */ = {
			isa = PBXFrameworksBuildPhase;
			buildActionMask = 2147483647;
			files = (
			);
			runOnlyForDeploymentPostprocessing = 0;
		};
		70398B0C2F270800007D1E07 /* Frameworks */ = {
			isa = PBXFrameworksBuildPhase;
			buildActionMask = 2147483647;
			files = (
				70398B202F270900007D1E07 /* WidgetUI in Frameworks */,
				70398B122F270800007D1E07 /* SwiftUI.framework in Frameworks */,
				70398B102F270800007D1E07 /* WidgetKit.framework in Frameworks */,
			);
			runOnlyForDeploymentPostprocessing = 0;
		};
/* End PBXFrameworksBuildPhase section */

/* Begin PBXGroup section */
		70398ACB2F27048D007D1E07 = {
			isa = PBXGroup;
			children = (
				70398AD62F27048D007D1E07 /* VoxPocket */,
				70398AE82F270490007D1E07 /* VoxPocketTests */,
				70398AF22F270490007D1E07 /* VoxPocketUITests */,
				70398B252F270A00007D1E07 /* VoxPocketWidget */,
				70398B142F270800007D1E07 /* Frameworks */,
				70398AD52F27048D007D1E07 /* Products */,
			);
			sourceTree = "<group>";
		};
		70398AD52F27048D007D1E07 /* Products */ = {
			isa = PBXGroup;
			children = (
				70398AD42F27048D007D1E07 /* VoxPocket.app */,
				70398AE52F270490007D1E07 /* VoxPocketTests.xctest */,
				70398AEF2F270490007D1E07 /* VoxPocketUITests.xctest */,
				70398B0E2F270800007D1E07 /* VoxPocketWidgetExtension.appex */,
			);
			name = Products;
			sourceTree = "<group>";
		};
		70398B142F270800007D1E07 /* Frameworks */ = {
			isa = PBXGroup;
			children = (
				70398B0F2F270800007D1E07 /* WidgetKit.framework */,
				70398B112F270800007D1E07 /* SwiftUI.framework */,
			);
			name = Frameworks;
			sourceTree = "<group>";
		};
/* End PBXGroup section */

/* Begin PBXNativeTarget section */
		70398AD32F27048D007D1E07 /* VoxPocket */ = {
			isa = PBXNativeTarget;
			buildConfigurationList = 70398AF82F270490007D1E07 /* Build configuration list for PBXNativeTarget "VoxPocket" */;
			buildPhases = (
				70398AD02F27048D007D1E07 /* Sources */,
				70398AD12F27048D007D1E07 /* Frameworks */,
				70398AD22F27048D007D1E07 /* Resources */,
				70398B1E2F270800007D1E07 /* Embed Foundation Extensions */,
			);
			buildRules = (
			);
			dependencies = (
				70398B192F270800007D1E07 /* PBXTargetDependency */,
			);
			fileSystemSynchronizedGroups = (
				70398AD62F27048D007D1E07 /* VoxPocket */,
			);
			name = VoxPocket;
			packageProductDependencies = (
				70398B042F2706AA007D1E07 /* PlatformUI */,
				70398B062F2706AA007D1E07 /* UIShared */,
				A378F2FABCE0405B9F75D938 /* UITestingBridge */,
			);
			productName = VoxPocket;
			productReference = 70398AD42F27048D007D1E07 /* VoxPocket.app */;
			productType = "com.apple.product-type.application";
		};
		70398AE42F270490007D1E07 /* VoxPocketTests */ = {
			isa = PBXNativeTarget;
			buildConfigurationList = 70398AFD2F270490007D1E07 /* Build configuration list for PBXNativeTarget "VoxPocketTests" */;
			buildPhases = (
				70398AE12F270490007D1E07 /* Sources */,
				70398AE22F270490007D1E07 /* Frameworks */,
				70398AE32F270490007D1E07 /* Resources */,
			);
			buildRules = (
			);
			dependencies = (
				70398AE72F270490007D1E07 /* PBXTargetDependency */,
			);
			fileSystemSynchronizedGroups = (
				70398AE82F270490007D1E07 /* VoxPocketTests */,
			);
			name = VoxPocketTests;
			packageProductDependencies = (
			);
			productName = VoxPocketTests;
			productReference = 70398AE52F270490007D1E07 /* VoxPocketTests.xctest */;
			productType = "com.apple.product-type.bundle.unit-test";
		};
		70398AEE2F270490007D1E07 /* VoxPocketUITests */ = {
			isa = PBXNativeTarget;
			buildConfigurationList = 70398B002F270490007D1E07 /* Build configuration list for PBXNativeTarget "VoxPocketUITests" */;
			buildPhases = (
				70398AEB2F270490007D1E07 /* Sources */,
				70398AEC2F270490007D1E07 /* Frameworks */,
				70398AED2F270490007D1E07 /* Resources */,
			);
			buildRules = (
			);
			dependencies = (
				70398AF12F270490007D1E07 /* PBXTargetDependency */,
			);
			fileSystemSynchronizedGroups = (
				70398AF22F270490007D1E07 /* VoxPocketUITests */,
			);
			name = VoxPocketUITests;
			packageProductDependencies = (
			);
			productName = VoxPocketUITests;
			productReference = 70398AEF2F270490007D1E07 /* VoxPocketUITests.xctest */;
			productType = "com.apple.product-type.bundle.ui-testing";
		};
		70398B0D2F270800007D1E07 /* VoxPocketWidgetExtension */ = {
			isa = PBXNativeTarget;
			buildConfigurationList = 70398B1B2F270800007D1E07 /* Build configuration list for PBXNativeTarget "VoxPocketWidgetExtension" */;
			buildPhases = (
				70398B0B2F270800007D1E07 /* Sources */,
				70398B0C2F270800007D1E07 /* Frameworks */,
				70398B0A2F270800007D1E07 /* Resources */,
			);
			buildRules = (
			);
			dependencies = (
			);
			fileSystemSynchronizedGroups = (
				70398B252F270A00007D1E07 /* VoxPocketWidget */,
			);
			name = VoxPocketWidgetExtension;
			packageProductDependencies = (
				70398B1F2F270900007D1E07 /* WidgetUI */,
			);
			productName = VoxPocketWidgetExtension;
			productReference = 70398B0E2F270800007D1E07 /* VoxPocketWidgetExtension.appex */;
			productType = "com.apple.product-type.app-extension";
		};
/* End PBXNativeTarget section */

/* Begin PBXProject section */
		70398ACC2F27048D007D1E07 /* Project object */ = {
			isa = PBXProject;
			attributes = {
				BuildIndependentTargetsInParallel = 1;
				LastSwiftUpdateCheck = 2620;
				LastUpgradeCheck = 2620;
				TargetAttributes = {
					70398AD32F27048D007D1E07 = {
						CreatedOnToolsVersion = 26.2;
					};
					70398AE42F270490007D1E07 = {
						CreatedOnToolsVersion = 26.2;
						TestTargetID = 70398AD32F27048D007D1E07;
					};
					70398AEE2F270490007D1E07 = {
						CreatedOnToolsVersion = 26.2;
						TestTargetID = 70398AD32F27048D007D1E07;
					};
					70398B0D2F270800007D1E07 = {
						CreatedOnToolsVersion = 26.2;
					};
				};
			};
			buildConfigurationList = 70398ACF2F27048D007D1E07 /* Build configuration list for PBXProject "VoxPocket" */;
			developmentRegion = en;
			hasScannedForEncodings = 0;
			knownRegions = (
				en,
				Base,
			);
			mainGroup = 70398ACB2F27048D007D1E07;
			minimizedProjectReferenceProxies = 1;
			packageReferences = (
				70398B032F2706AA007D1E07 /* XCLocalSwiftPackageReference "../Packages/VoxPresentation" */,
				B6658B107DA04182AC7B52E3 /* XCLocalSwiftPackageReference "../../AppleUITesting" */,
			);
			preferredProjectObjectVersion = 77;
			productRefGroup = 70398AD52F27048D007D1E07 /* Products */;
			projectDirPath = "";
			projectRoot = "";
			targets = (
				70398AD32F27048D007D1E07 /* VoxPocket */,
				70398AE42F270490007D1E07 /* VoxPocketTests */,
				70398AEE2F270490007D1E07 /* VoxPocketUITests */,
				70398B0D2F270800007D1E07 /* VoxPocketWidgetExtension */,
			);
		};
/* End PBXProject section */

/* Begin PBXResourcesBuildPhase section */
		70398AD22F27048D007D1E07 /* Resources */ = {
			isa = PBXResourcesBuildPhase;
			buildActionMask = 2147483647;
			files = (
			);
			runOnlyForDeploymentPostprocessing = 0;
		};
		70398AE32F270490007D1E07 /* Resources */ = {
			isa = PBXResourcesBuildPhase;
			buildActionMask = 2147483647;
			files = (
			);
			runOnlyForDeploymentPostprocessing = 0;
		};
		70398AED2F270490007D1E07 /* Resources */ = {
			isa = PBXResourcesBuildPhase;
			buildActionMask = 2147483647;
			files = (
			);
			runOnlyForDeploymentPostprocessing = 0;
		};
		70398B0A2F270800007D1E07 /* Resources */ = {
			isa = PBXResourcesBuildPhase;
			buildActionMask = 2147483647;
			files = (
			);
			runOnlyForDeploymentPostprocessing = 0;
		};
/* End PBXResourcesBuildPhase section */

/* Begin PBXSourcesBuildPhase section */
		70398AD02F27048D007D1E07 /* Sources */ = {
			isa = PBXSourcesBuildPhase;
			buildActionMask = 2147483647;
			files = (
			);
			runOnlyForDeploymentPostprocessing = 0;
		};
		70398AE12F270490007D1E07 /* Sources */ = {
			isa = PBXSourcesBuildPhase;
			buildActionMask = 2147483647;
			files = (
			);
			runOnlyForDeploymentPostprocessing = 0;
		};
		70398AEB2F270490007D1E07 /* Sources */ = {
			isa = PBXSourcesBuildPhase;
			buildActionMask = 2147483647;
			files = (
			);
			runOnlyForDeploymentPostprocessing = 0;
		};
		70398B0B2F270800007D1E07 /* Sources */ = {
			isa = PBXSourcesBuildPhase;
			buildActionMask = 2147483647;
			files = (
			);
			runOnlyForDeploymentPostprocessing = 0;
		};
/* End PBXSourcesBuildPhase section */

/* Begin PBXTargetDependency section */
		70398AE72F270490007D1E07 /* PBXTargetDependency */ = {
			isa = PBXTargetDependency;
			target = 70398AD32F27048D007D1E07 /* VoxPocket */;
			targetProxy = 70398AE62F270490007D1E07 /* PBXContainerItemProxy */;
		};
		70398AF12F270490007D1E07 /* PBXTargetDependency */ = {
			isa = PBXTargetDependency;
			target = 70398AD32F27048D007D1E07 /* VoxPocket */;
			targetProxy = 70398AF02F270490007D1E07 /* PBXContainerItemProxy */;
		};
		70398B192F270800007D1E07 /* PBXTargetDependency */ = {
			isa = PBXTargetDependency;
			platformFilter = ios;
			target = 70398B0D2F270800007D1E07 /* VoxPocketWidgetExtension */;
			targetProxy = 70398B182F270800007D1E07 /* PBXContainerItemProxy */;
		};
/* End PBXTargetDependency section */

/* Begin XCBuildConfiguration section */
		70398AF92F270490007D1E07 /* Debug */ = {
			isa = XCBuildConfiguration;
			buildSettings = {
				ASSETCATALOG_COMPILER_APPICON_NAME = AppIcon;
				ASSETCATALOG_COMPILER_GLOBAL_ACCENT_COLOR_NAME = AccentColor;
				CODE_SIGN_STYLE = Automatic;
				CURRENT_PROJECT_VERSION = 1;
				DEVELOPMENT_TEAM = Q4R6JFFF33;
				ENABLE_APP_SANDBOX = YES;
				ENABLE_HARDENED_RUNTIME = YES;
				ENABLE_INCOMING_NETWORK_CONNECTIONS = YES;
				ENABLE_OUTGOING_NETWORK_CONNECTIONS = YES;
				ENABLE_PREVIEWS = YES;
				ENABLE_RESOURCE_ACCESS_AUDIO_INPUT = YES;
				ENABLE_RESOURCE_ACCESS_BLUETOOTH = NO;
				ENABLE_RESOURCE_ACCESS_CALENDARS = NO;
				ENABLE_RESOURCE_ACCESS_CAMERA = NO;
				ENABLE_RESOURCE_ACCESS_CONTACTS = NO;
				ENABLE_RESOURCE_ACCESS_LOCATION = NO;
				ENABLE_RESOURCE_ACCESS_PRINTING = NO;
				ENABLE_RESOURCE_ACCESS_USB = NO;
				ENABLE_USER_SELECTED_FILES = readonly;
				GENERATE_INFOPLIST_FILE = YES;
				INFOPLIST_FILE = VoxPocket/Info.plist;
				INFOPLIST_KEY_LSApplicationCategoryType = "public.app-category.utilities";
				INFOPLIST_KEY_NSMicrophoneUsageDescription = "VoxPocket 需要使用麦克风进行语音录入";
				INFOPLIST_KEY_NSSpeechRecognitionUsageDescription = "VoxPocket 需要语音识别权限以将语音转换为文字";
				"INFOPLIST_KEY_UIApplicationSceneManifest_Generation[sdk=iphoneos*]" = YES;
				"INFOPLIST_KEY_UIApplicationSceneManifest_Generation[sdk=iphonesimulator*]" = YES;
				"INFOPLIST_KEY_UIApplicationSupportsIndirectInputEvents[sdk=iphoneos*]" = YES;
				"INFOPLIST_KEY_UIApplicationSupportsIndirectInputEvents[sdk=iphonesimulator*]" = YES;
				"INFOPLIST_KEY_UILaunchScreen_Generation[sdk=iphoneos*]" = YES;
				"INFOPLIST_KEY_UILaunchScreen_Generation[sdk=iphonesimulator*]" = YES;
				"INFOPLIST_KEY_UIStatusBarStyle[sdk=iphoneos*]" = UIStatusBarStyleDefault;
				"INFOPLIST_KEY_UIStatusBarStyle[sdk=iphonesimulator*]" = UIStatusBarStyleDefault;
				INFOPLIST_KEY_UISupportedInterfaceOrientations_iPad = "UIInterfaceOrientationPortrait UIInterfaceOrientationPortraitUpsideDown UIInterfaceOrientationLandscapeLeft UIInterfaceOrientationLandscapeRight";
				INFOPLIST_KEY_UISupportedInterfaceOrientations_iPhone = "UIInterfaceOrientationPortrait UIInterfaceOrientationLandscapeLeft UIInterfaceOrientationLandscapeRight";
				IPHONEOS_DEPLOYMENT_TARGET = 26.2;
				LD_RUNPATH_SEARCH_PATHS = "@executable_path/Frameworks";
				"LD_RUNPATH_SEARCH_PATHS[sdk=macosx*]" = "@executable_path/../Frameworks";
				MACOSX_DEPLOYMENT_TARGET = 26.2;
				MARKETING_VERSION = 1.0;
				PRODUCT_BUNDLE_IDENTIFIER = personal.tianpeili.VoxPocket;
				PRODUCT_NAME = "$(TARGET_NAME)";
				REGISTER_APP_GROUPS = YES;
				SDKROOT = auto;
				STRING_CATALOG_GENERATE_SYMBOLS = YES;
				SUPPORTED_PLATFORMS = "iphoneos iphonesimulator macosx xros xrsimulator";
				SWIFT_APPROACHABLE_CONCURRENCY = YES;
				SWIFT_DEFAULT_ACTOR_ISOLATION = MainActor;
				SWIFT_EMIT_LOC_STRINGS = YES;
				SWIFT_UPCOMING_FEATURE_MEMBER_IMPORT_VISIBILITY = YES;
				SWIFT_VERSION = 5.0;
				TARGETED_DEVICE_FAMILY = "1,2,7";
				XROS_DEPLOYMENT_TARGET = 26.2;
			};
			name = Debug;
		};
		70398AFA2F270490007D1E07 /* Release */ = {
			isa = XCBuildConfiguration;
			buildSettings = {
				ASSETCATALOG_COMPILER_APPICON_NAME = AppIcon;
				ASSETCATALOG_COMPILER_GLOBAL_ACCENT_COLOR_NAME = AccentColor;
				CODE_SIGN_STYLE = Automatic;
				CURRENT_PROJECT_VERSION = 1;
				DEVELOPMENT_TEAM = Q4R6JFFF33;
				ENABLE_APP_SANDBOX = YES;
				ENABLE_HARDENED_RUNTIME = YES;
				ENABLE_INCOMING_NETWORK_CONNECTIONS = NO;
				ENABLE_OUTGOING_NETWORK_CONNECTIONS = YES;
				ENABLE_PREVIEWS = YES;
				ENABLE_RESOURCE_ACCESS_AUDIO_INPUT = YES;
				ENABLE_RESOURCE_ACCESS_BLUETOOTH = NO;
				ENABLE_RESOURCE_ACCESS_CALENDARS = NO;
				ENABLE_RESOURCE_ACCESS_CAMERA = NO;
				ENABLE_RESOURCE_ACCESS_CONTACTS = NO;
				ENABLE_RESOURCE_ACCESS_LOCATION = NO;
				ENABLE_RESOURCE_ACCESS_PRINTING = NO;
				ENABLE_RESOURCE_ACCESS_USB = NO;
				ENABLE_USER_SELECTED_FILES = readonly;
				GENERATE_INFOPLIST_FILE = YES;
				INFOPLIST_FILE = VoxPocket/Info.plist;
				INFOPLIST_KEY_LSApplicationCategoryType = "public.app-category.utilities";
				INFOPLIST_KEY_NSMicrophoneUsageDescription = "VoxPocket 需要使用麦克风进行语音录入";
				INFOPLIST_KEY_NSSpeechRecognitionUsageDescription = "VoxPocket 需要语音识别权限以将语音转换为文字";
				"INFOPLIST_KEY_UIApplicationSceneManifest_Generation[sdk=iphoneos*]" = YES;
				"INFOPLIST_KEY_UIApplicationSceneManifest_Generation[sdk=iphonesimulator*]" = YES;
				"INFOPLIST_KEY_UIApplicationSupportsIndirectInputEvents[sdk=iphoneos*]" = YES;
				"INFOPLIST_KEY_UIApplicationSupportsIndirectInputEvents[sdk=iphonesimulator*]" = YES;
				"INFOPLIST_KEY_UILaunchScreen_Generation[sdk=iphoneos*]" = YES;
				"INFOPLIST_KEY_UILaunchScreen_Generation[sdk=iphonesimulator*]" = YES;
				"INFOPLIST_KEY_UIStatusBarStyle[sdk=iphoneos*]" = UIStatusBarStyleDefault;
				"INFOPLIST_KEY_UIStatusBarStyle[sdk=iphonesimulator*]" = UIStatusBarStyleDefault;
				INFOPLIST_KEY_UISupportedInterfaceOrientations_iPad = "UIInterfaceOrientationPortrait UIInterfaceOrientationPortraitUpsideDown UIInterfaceOrientationLandscapeLeft UIInterfaceOrientationLandscapeRight";
				INFOPLIST_KEY_UISupportedInterfaceOrientations_iPhone = "UIInterfaceOrientationPortrait UIInterfaceOrientationLandscapeLeft UIInterfaceOrientationLandscapeRight";
				IPHONEOS_DEPLOYMENT_TARGET = 26.2;
				LD_RUNPATH_SEARCH_PATHS = "@executable_path/Frameworks";
				"LD_RUNPATH_SEARCH_PATHS[sdk=macosx*]" = "@executable_path/../Frameworks";
				MACOSX_DEPLOYMENT_TARGET = 26.2;
				MARKETING_VERSION = 1.0;
				PRODUCT_BUNDLE_IDENTIFIER = personal.tianpeili.VoxPocket;
				PRODUCT_NAME = "$(TARGET_NAME)";
				REGISTER_APP_GROUPS = YES;
				SDKROOT = auto;
				STRING_CATALOG_GENERATE_SYMBOLS = YES;
				SUPPORTED_PLATFORMS = "iphoneos iphonesimulator macosx xros xrsimulator";
				SWIFT_APPROACHABLE_CONCURRENCY = YES;
				SWIFT_DEFAULT_ACTOR_ISOLATION = MainActor;
				SWIFT_EMIT_LOC_STRINGS = YES;
				SWIFT_UPCOMING_FEATURE_MEMBER_IMPORT_VISIBILITY = YES;
				SWIFT_VERSION = 5.0;
				TARGETED_DEVICE_FAMILY = "1,2,7";
				XROS_DEPLOYMENT_TARGET = 26.2;
			};
			name = Release;
		};
		70398AFB2F270490007D1E07 /* Debug */ = {
			isa = XCBuildConfiguration;
			buildSettings = {
				ALWAYS_SEARCH_USER_PATHS = NO;
				ASSETCATALOG_COMPILER_GENERATE_SWIFT_ASSET_SYMBOL_EXTENSIONS = YES;
				CLANG_ANALYZER_NONNULL = YES;
				CLANG_ANALYZER_NUMBER_OBJECT_CONVERSION = YES_AGGRESSIVE;
				CLANG_CXX_LANGUAGE_STANDARD = "gnu++20";
				CLANG_ENABLE_MODULES = YES;
				CLANG_ENABLE_OBJC_ARC = YES;
				CLANG_ENABLE_OBJC_WEAK = YES;
				CLANG_WARN_BLOCK_CAPTURE_AUTORELEASING = YES;
				CLANG_WARN_BOOL_CONVERSION = YES;
				CLANG_WARN_COMMA = YES;
				CLANG_WARN_CONSTANT_CONVERSION = YES;
				CLANG_WARN_DEPRECATED_OBJC_IMPLEMENTATIONS = YES;
				CLANG_WARN_DIRECT_OBJC_ISA_USAGE = YES_ERROR;
				CLANG_WARN_DOCUMENTATION_COMMENTS = YES;
				CLANG_WARN_EMPTY_BODY = YES;
				CLANG_WARN_ENUM_CONVERSION = YES;
				CLANG_WARN_INFINITE_RECURSION = YES;
				CLANG_WARN_INT_CONVERSION = YES;
				CLANG_WARN_NON_LITERAL_NULL_CONVERSION = YES;
				CLANG_WARN_OBJC_IMPLICIT_RETAIN_SELF = YES;
				CLANG_WARN_OBJC_LITERAL_CONVERSION = YES;
				CLANG_WARN_OBJC_ROOT_CLASS = YES_ERROR;
				CLANG_WARN_QUOTED_INCLUDE_IN_FRAMEWORK_HEADER = YES;
				CLANG_WARN_RANGE_LOOP_ANALYSIS = YES;
				CLANG_WARN_STRICT_PROTOTYPES = YES;
				CLANG_WARN_SUSPICIOUS_MOVE = YES;
				CLANG_WARN_UNGUARDED_AVAILABILITY = YES_AGGRESSIVE;
				CLANG_WARN_UNREACHABLE_CODE = YES;
				CLANG_WARN__DUPLICATE_METHOD_MATCH = YES;
				COPY_PHASE_STRIP = NO;
				DEBUG_INFORMATION_FORMAT = dwarf;
				DEVELOPMENT_TEAM = Q4R6JFFF33;
				ENABLE_STRICT_OBJC_MSGSEND = YES;
				ENABLE_TESTABILITY = YES;
				ENABLE_USER_SCRIPT_SANDBOXING = YES;
				GCC_C_LANGUAGE_STANDARD = gnu17;
				GCC_DYNAMIC_NO_PIC = NO;
				GCC_NO_COMMON_BLOCKS = YES;
				GCC_OPTIMIZATION_LEVEL = 0;
				GCC_PREPROCESSOR_DEFINITIONS = (
					"DEBUG=1",
					"$(inherited)",
				);
				GCC_WARN_64_TO_32_BIT_CONVERSION = YES;
				GCC_WARN_ABOUT_RETURN_TYPE = YES_ERROR;
				GCC_WARN_UNDECLARED_SELECTOR = YES;
				GCC_WARN_UNINITIALIZED_AUTOS = YES_AGGRESSIVE;
				GCC_WARN_UNUSED_FUNCTION = YES;
				GCC_WARN_UNUSED_VARIABLE = YES;
				LOCALIZATION_PREFERS_STRING_CATALOGS = YES;
				MTL_ENABLE_DEBUG_INFO = INCLUDE_SOURCE;
				MTL_FAST_MATH = YES;
				ONLY_ACTIVE_ARCH = YES;
				SWIFT_ACTIVE_COMPILATION_CONDITIONS = "DEBUG $(inherited)";
				SWIFT_OPTIMIZATION_LEVEL = "-Onone";
			};
			name = Debug;
		};
		70398AFC2F270490007D1E07 /* Release */ = {
			isa = XCBuildConfiguration;
			buildSettings = {
				ALWAYS_SEARCH_USER_PATHS = NO;
				ASSETCATALOG_COMPILER_GENERATE_SWIFT_ASSET_SYMBOL_EXTENSIONS = YES;
				CLANG_ANALYZER_NONNULL = YES;
				CLANG_ANALYZER_NUMBER_OBJECT_CONVERSION = YES_AGGRESSIVE;
				CLANG_CXX_LANGUAGE_STANDARD = "gnu++20";
				CLANG_ENABLE_MODULES = YES;
				CLANG_ENABLE_OBJC_ARC = YES;
				CLANG_ENABLE_OBJC_WEAK = YES;
				CLANG_WARN_BLOCK_CAPTURE_AUTORELEASING = YES;
				CLANG_WARN_BOOL_CONVERSION = YES;
				CLANG_WARN_COMMA = YES;
				CLANG_WARN_CONSTANT_CONVERSION = YES;
				CLANG_WARN_DEPRECATED_OBJC_IMPLEMENTATIONS = YES;
				CLANG_WARN_DIRECT_OBJC_ISA_USAGE = YES_ERROR;
				CLANG_WARN_DOCUMENTATION_COMMENTS = YES;
				CLANG_WARN_EMPTY_BODY = YES;
				CLANG_WARN_ENUM_CONVERSION = YES;
				CLANG_WARN_INFINITE_RECURSION = YES;
				CLANG_WARN_INT_CONVERSION = YES;
				CLANG_WARN_NON_LITERAL_NULL_CONVERSION = YES;
				CLANG_WARN_OBJC_IMPLICIT_RETAIN_SELF = YES;
				CLANG_WARN_OBJC_LITERAL_CONVERSION = YES;
				CLANG_WARN_OBJC_ROOT_CLASS = YES_ERROR;
				CLANG_WARN_QUOTED_INCLUDE_IN_FRAMEWORK_HEADER = YES;
				CLANG_WARN_RANGE_LOOP_ANALYSIS = YES;
				CLANG_WARN_STRICT_PROTOTYPES = YES;
				CLANG_WARN_SUSPICIOUS_MOVE = YES;
				CLANG_WARN_UNGUARDED_AVAILABILITY = YES_AGGRESSIVE;
				CLANG_WARN_UNREACHABLE_CODE = YES;
				CLANG_WARN__DUPLICATE_METHOD_MATCH = YES;
				COPY_PHASE_STRIP = NO;
				DEBUG_INFORMATION_FORMAT = "dwarf-with-dsym";
				DEVELOPMENT_TEAM = Q4R6JFFF33;
				ENABLE_NS_ASSERTIONS = NO;
				ENABLE_STRICT_OBJC_MSGSEND = YES;
				ENABLE_USER_SCRIPT_SANDBOXING = YES;
				GCC_C_LANGUAGE_STANDARD = gnu17;
				GCC_NO_COMMON_BLOCKS = YES;
				GCC_WARN_64_TO_32_BIT_CONVERSION = YES;
				GCC_WARN_ABOUT_RETURN_TYPE = YES_ERROR;
				GCC_WARN_UNDECLARED_SELECTOR = YES;
				GCC_WARN_UNINITIALIZED_AUTOS = YES_AGGRESSIVE;
				GCC_WARN_UNUSED_FUNCTION = YES;
				GCC_WARN_UNUSED_VARIABLE = YES;
				LOCALIZATION_PREFERS_STRING_CATALOGS = YES;
				MTL_ENABLE_DEBUG_INFO = NO;
				MTL_FAST_MATH = YES;
				SWIFT_COMPILATION_MODE = wholemodule;
			};
			name = Release;
		};
		70398AFE2F270490007D1E07 /* Debug */ = {
			isa = XCBuildConfiguration;
			buildSettings = {
				BUNDLE_LOADER = "$(TEST_HOST)";
				CODE_SIGN_STYLE = Automatic;
				CURRENT_PROJECT_VERSION = 1;
				DEVELOPMENT_TEAM = Q4R6JFFF33;
				GENERATE_INFOPLIST_FILE = YES;
				IPHONEOS_DEPLOYMENT_TARGET = 26.2;
				MACOSX_DEPLOYMENT_TARGET = 26.2;
				MARKETING_VERSION = 1.0;
				PRODUCT_BUNDLE_IDENTIFIER = personal.tianpeili.VoxPocketTests;
				PRODUCT_NAME = "$(TARGET_NAME)";
				SDKROOT = auto;
				STRING_CATALOG_GENERATE_SYMBOLS = NO;
				SUPPORTED_PLATFORMS = "iphoneos iphonesimulator macosx xros xrsimulator";
				SWIFT_APPROACHABLE_CONCURRENCY = YES;
				SWIFT_EMIT_LOC_STRINGS = NO;
				SWIFT_UPCOMING_FEATURE_MEMBER_IMPORT_VISIBILITY = YES;
				SWIFT_VERSION = 5.0;
				TARGETED_DEVICE_FAMILY = "1,2,7";
				TEST_HOST = "$(BUILT_PRODUCTS_DIR)/VoxPocket.app/$(BUNDLE_EXECUTABLE_FOLDER_PATH)/VoxPocket";
				XROS_DEPLOYMENT_TARGET = 26.2;
			};
			name = Debug;
		};
		70398AFF2F270490007D1E07 /* Release */ = {
			isa = XCBuildConfiguration;
			buildSettings = {
				BUNDLE_LOADER = "$(TEST_HOST)";
				CODE_SIGN_STYLE = Automatic;
				CURRENT_PROJECT_VERSION = 1;
				DEVELOPMENT_TEAM = Q4R6JFFF33;
				GENERATE_INFOPLIST_FILE = YES;
				IPHONEOS_DEPLOYMENT_TARGET = 26.2;
				MACOSX_DEPLOYMENT_TARGET = 26.2;
				MARKETING_VERSION = 1.0;
				PRODUCT_BUNDLE_IDENTIFIER = personal.tianpeili.VoxPocketTests;
				PRODUCT_NAME = "$(TARGET_NAME)";
				SDKROOT = auto;
				STRING_CATALOG_GENERATE_SYMBOLS = NO;
				SUPPORTED_PLATFORMS = "iphoneos iphonesimulator macosx xros xrsimulator";
				SWIFT_APPROACHABLE_CONCURRENCY = YES;
				SWIFT_EMIT_LOC_STRINGS = NO;
				SWIFT_UPCOMING_FEATURE_MEMBER_IMPORT_VISIBILITY = YES;
				SWIFT_VERSION = 5.0;
				TARGETED_DEVICE_FAMILY = "1,2,7";
				TEST_HOST = "$(BUILT_PRODUCTS_DIR)/VoxPocket.app/$(BUNDLE_EXECUTABLE_FOLDER_PATH)/VoxPocket";
				XROS_DEPLOYMENT_TARGET = 26.2;
			};
			name = Release;
		};
		70398B012F270490007D1E07 /* Debug */ = {
			isa = XCBuildConfiguration;
			buildSettings = {
				CODE_SIGN_STYLE = Automatic;
				CURRENT_PROJECT_VERSION = 1;
				DEVELOPMENT_TEAM = Q4R6JFFF33;
				GENERATE_INFOPLIST_FILE = YES;
				IPHONEOS_DEPLOYMENT_TARGET = 26.2;
				MACOSX_DEPLOYMENT_TARGET = 26.2;
				MARKETING_VERSION = 1.0;
				PRODUCT_BUNDLE_IDENTIFIER = personal.tianpeili.VoxPocketUITests;
				PRODUCT_NAME = "$(TARGET_NAME)";
				SDKROOT = auto;
				STRING_CATALOG_GENERATE_SYMBOLS = NO;
				SUPPORTED_PLATFORMS = "iphoneos iphonesimulator macosx xros xrsimulator";
				SWIFT_APPROACHABLE_CONCURRENCY = YES;
				SWIFT_EMIT_LOC_STRINGS = NO;
				SWIFT_UPCOMING_FEATURE_MEMBER_IMPORT_VISIBILITY = YES;
				SWIFT_VERSION = 5.0;
				TARGETED_DEVICE_FAMILY = "1,2,7";
				TEST_TARGET_NAME = VoxPocket;
				XROS_DEPLOYMENT_TARGET = 26.2;
			};
			name = Debug;
		};
		70398B022F270490007D1E07 /* Release */ = {
			isa = XCBuildConfiguration;
			buildSettings = {
				CODE_SIGN_STYLE = Automatic;
				CURRENT_PROJECT_VERSION = 1;
				DEVELOPMENT_TEAM = Q4R6JFFF33;
				GENERATE_INFOPLIST_FILE = YES;
				IPHONEOS_DEPLOYMENT_TARGET = 26.2;
				MACOSX_DEPLOYMENT_TARGET = 26.2;
				MARKETING_VERSION = 1.0;
				PRODUCT_BUNDLE_IDENTIFIER = personal.tianpeili.VoxPocketUITests;
				PRODUCT_NAME = "$(TARGET_NAME)";
				SDKROOT = auto;
				STRING_CATALOG_GENERATE_SYMBOLS = NO;
				SUPPORTED_PLATFORMS = "iphoneos iphonesimulator macosx xros xrsimulator";
				SWIFT_APPROACHABLE_CONCURRENCY = YES;
				SWIFT_EMIT_LOC_STRINGS = NO;
				SWIFT_UPCOMING_FEATURE_MEMBER_IMPORT_VISIBILITY = YES;
				SWIFT_VERSION = 5.0;
				TARGETED_DEVICE_FAMILY = "1,2,7";
				TEST_TARGET_NAME = VoxPocket;
				XROS_DEPLOYMENT_TARGET = 26.2;
			};
			name = Release;
		};
		70398B1C2F270800007D1E07 /* Debug */ = {
			isa = XCBuildConfiguration;
			buildSettings = {
				ASSETCATALOG_COMPILER_GLOBAL_ACCENT_COLOR_NAME = AccentColor;
				ASSETCATALOG_COMPILER_WIDGET_BACKGROUND_COLOR_NAME = WidgetBackground;
				CODE_SIGN_STYLE = Automatic;
				CURRENT_PROJECT_VERSION = 1;
				DEVELOPMENT_TEAM = Q4R6JFFF33;
				GENERATE_INFOPLIST_FILE = YES;
				INFOPLIST_FILE = ../VoxPocketWidget/Info.plist;
				INFOPLIST_KEY_CFBundleDisplayName = VoxPocketWidget;
				INFOPLIST_KEY_NSHumanReadableCopyright = "";
				IPHONEOS_DEPLOYMENT_TARGET = 26.2;
				LD_RUNPATH_SEARCH_PATHS = (
					"$(inherited)",
					"@executable_path/Frameworks",
					"@executable_path/../../Frameworks",
				);
				MARKETING_VERSION = 1.0;
				PRODUCT_BUNDLE_IDENTIFIER = personal.tianpeili.VoxPocket.Widget;
				PRODUCT_NAME = "$(TARGET_NAME)";
				SDKROOT = auto;
				SKIP_INSTALL = YES;
				SUPPORTED_PLATFORMS = "iphoneos iphonesimulator";
				SWIFT_APPROACHABLE_CONCURRENCY = YES;
				SWIFT_DEFAULT_ACTOR_ISOLATION = MainActor;
				SWIFT_EMIT_LOC_STRINGS = YES;
				SWIFT_INCLUDE_PATHS = "$(inherited) $(PROJECT_DIR)/../Packages/VoxPresentation/build/$(CONFIGURATION)-$(PLATFORM_NAME)";
				SWIFT_UPCOMING_FEATURE_MEMBER_IMPORT_VISIBILITY = YES;
				SWIFT_VERSION = 5.0;
				TARGETED_DEVICE_FAMILY = "1,2";
			};
			name = Debug;
		};
		70398B1D2F270800007D1E07 /* Release */ = {
			isa = XCBuildConfiguration;
			buildSettings = {
				ASSETCATALOG_COMPILER_GLOBAL_ACCENT_COLOR_NAME = AccentColor;
				ASSETCATALOG_COMPILER_WIDGET_BACKGROUND_COLOR_NAME = WidgetBackground;
				CODE_SIGN_STYLE = Automatic;
				CURRENT_PROJECT_VERSION = 1;
				DEVELOPMENT_TEAM = Q4R6JFFF33;
				GENERATE_INFOPLIST_FILE = YES;
				INFOPLIST_FILE = ../VoxPocketWidget/Info.plist;
				INFOPLIST_KEY_CFBundleDisplayName = VoxPocketWidget;
				INFOPLIST_KEY_NSHumanReadableCopyright = "";
				IPHONEOS_DEPLOYMENT_TARGET = 26.2;
				LD_RUNPATH_SEARCH_PATHS = (
					"$(inherited)",
					"@executable_path/Frameworks",
					"@executable_path/../../Frameworks",
				);
				MARKETING_VERSION = 1.0;
				PRODUCT_BUNDLE_IDENTIFIER = personal.tianpeili.VoxPocket.Widget;
				PRODUCT_NAME = "$(TARGET_NAME)";
				SDKROOT = auto;
				SKIP_INSTALL = YES;
				SUPPORTED_PLATFORMS = "iphoneos iphonesimulator";
				SWIFT_APPROACHABLE_CONCURRENCY = YES;
				SWIFT_DEFAULT_ACTOR_ISOLATION = MainActor;
				SWIFT_EMIT_LOC_STRINGS = YES;
				SWIFT_INCLUDE_PATHS = "$(inherited) $(PROJECT_DIR)/../Packages/VoxPresentation/build/$(CONFIGURATION)-$(PLATFORM_NAME)";
				SWIFT_UPCOMING_FEATURE_MEMBER_IMPORT_VISIBILITY = YES;
				SWIFT_VERSION = 5.0;
				TARGETED_DEVICE_FAMILY = "1,2";
			};
			name = Release;
		};
/* End XCBuildConfiguration section */

/* Begin XCConfigurationList section */
		70398ACF2F27048D007D1E07 /* Build configuration list for PBXProject "VoxPocket" */ = {
			isa = XCConfigurationList;
			buildConfigurations = (
				70398AFB2F270490007D1E07 /* Debug */,
				70398AFC2F270490007D1E07 /* Release */,
			);
			defaultConfigurationIsVisible = 0;
			defaultConfigurationName = Release;
		};
		70398AF82F270490007D1E07 /* Build configuration list for PBXNativeTarget "VoxPocket" */ = {
			isa = XCConfigurationList;
			buildConfigurations = (
				70398AF92F270490007D1E07 /* Debug */,
				70398AFA2F270490007D1E07 /* Release */,
			);
			defaultConfigurationIsVisible = 0;
			defaultConfigurationName = Release;
		};
		70398AFD2F270490007D1E07 /* Build configuration list for PBXNativeTarget "VoxPocketTests" */ = {
			isa = XCConfigurationList;
			buildConfigurations = (
				70398AFE2F270490007D1E07 /* Debug */,
				70398AFF2F270490007D1E07 /* Release */,
			);
			defaultConfigurationIsVisible = 0;
			defaultConfigurationName = Release;
		};
		70398B002F270490007D1E07 /* Build configuration list for PBXNativeTarget "VoxPocketUITests" */ = {
			isa = XCConfigurationList;
			buildConfigurations = (
				70398B012F270490007D1E07 /* Debug */,
				70398B022F270490007D1E07 /* Release */,
			);
			defaultConfigurationIsVisible = 0;
			defaultConfigurationName = Release;
		};
		70398B1B2F270800007D1E07 /* Build configuration list for PBXNativeTarget "VoxPocketWidgetExtension" */ = {
			isa = XCConfigurationList;
			buildConfigurations = (
				70398B1C2F270800007D1E07 /* Debug */,
				70398B1D2F270800007D1E07 /* Release */,
			);
			defaultConfigurationIsVisible = 0;
			defaultConfigurationName = Release;
		};
/* End XCConfigurationList section */

/* Begin XCLocalSwiftPackageReference section */
		70398B032F2706AA007D1E07 /* XCLocalSwiftPackageReference "../Packages/VoxPresentation" */ = {
			isa = XCLocalSwiftPackageReference;
			relativePath = ../Packages/VoxPresentation;
		};
		B6658B107DA04182AC7B52E3 /* XCLocalSwiftPackageReference "../../AppleUITesting" */ = {
			isa = XCLocalSwiftPackageReference;
			relativePath = ../../AppleUITesting;
		};
/* End XCLocalSwiftPackageReference section */

/* Begin XCSwiftPackageProductDependency section */
		70398B042F2706AA007D1E07 /* PlatformUI */ = {
			isa = XCSwiftPackageProductDependency;
			productName = PlatformUI;
		};
		70398B062F2706AA007D1E07 /* UIShared */ = {
			isa = XCSwiftPackageProductDependency;
			productName = UIShared;
		};
		70398B1F2F270900007D1E07 /* WidgetUI */ = {
			isa = XCSwiftPackageProductDependency;
			productName = WidgetUI;
		};
		A378F2FABCE0405B9F75D938 /* UITestingBridge */ = {
			isa = XCSwiftPackageProductDependency;
			package = B6658B107DA04182AC7B52E3 /* XCLocalSwiftPackageReference "../../AppleUITesting" */;
			productName = UITestingBridge;
		};
/* End XCSwiftPackageProductDependency section */
	};
	rootObject = 70398ACC2F27048D007D1E07 /* Project object */;
}
